{
  "name": "Frontests",
  "lockfileVersion": 3,
  "requires": true,
  "packages": {
    "": {
      "dependencies": {
        "@fontsource/poppins": "^5.0.8"
      }
    },
    "node_modules/@fontsource/poppins": {
      "version": "5.0.8",
      "resolved": "https://registry.npmjs.org/@fontsource/poppins/-/poppins-5.0.8.tgz",
      "integrity": "sha512-P8owfYWluoUY5Nyzk4gT/L6LmLmseP6ezFWhj6VBUa5pRIdnCvNJpoQ6i/vhekjtJOfqX6nKlB+LCttoUl2GQQ=="
    }
  }
}
